PODS:
  - Expecta (1.0.6)
  - OCMock (3.4)
  - PLPinViewController (0.1.12)
  - Reveal-SDK (11)

DEPENDENCIES:
  - Expecta
  - OCMock
  - PLPinViewController (from `../`)
  - Reveal-SDK

EXTERNAL SOURCES:
  PLPinViewController:
    :path: ../

SPEC CHECKSUMS:
  Expecta: 3b6bd90a64b9a1dcb0b70aa0e10a7f8f631667d5
  OCMock: 35ae71d6a8fcc1b59434d561d1520b9dd4f15765
  PLPinViewController: a1ab22ac735396173b541f88a804cd89a63a188a
  Reveal-SDK: 7fa13d04bb55db61ff2342a990cf731d5159361d

PODFILE CHECKSUM: 0408a073ca26e04e7ba84fc308e8577bff3de410

COCOAPODS: 1.4.0
