PODS:
  - Expecta (1.0.6)
  - OCMock (3.4)
  - PLPinViewController (0.1.12)
  - Reveal-SDK (11)

DEPENDENCIES:
  - Expecta
  - OCMock
  - PLPinViewController (from `../`)
  - Reveal-SDK

SPEC REPOS:
  https://github.com/cocoapods/specs.git:
    - Expecta
    - OCMock
    - Reveal-SDK

EXTERNAL SOURCES:
  PLPinViewController:
    :path: "../"

SPEC CHECKSUMS:
  Expecta: 3b6bd90a64b9a1dcb0b70aa0e10a7f8f631667d5
  OCMock: 35ae71d6a8fcc1b59434d561d1520b9dd4f15765
  PLPinViewController: ce2a0da40783b751e48941cc339c1ac1622f111c
  Reveal-SDK: 7fa13d04bb55db61ff2342a990cf731d5159361d

PODFILE CHECKSUM: 0408a073ca26e04e7ba84fc308e8577bff3de410

COCOAPODS: 1.5.3
